
Microsoft Visual Studio Solution File, Format Version 12.00
# Visual Studio Version 16
VisualStudioVersion = 16.0.31410.357
MinimumVisualStudioVersion = 10.0.40219.1
Project("{FAE04EC0-301F-11D3-BF4B-00C04F79EFBC}") = "LORAPI", "LORAPI\LORAPI.csproj", "{0B9CA572-5A42-4067-BC31-3A7D3195DECB}"
EndProject
Global
	GlobalSection(SolutionConfigurationPlatforms) = preSolution
		Debug|Any CPU = Debug|Any CPU
		Release|Any CPU = Release|Any CPU
	EndGlobalSection
	GlobalSection(ProjectConfigurationPlatforms) = postSolution
		{0B9CA572-5A42-4067-BC31-3A7D3195DECB}.Debug|Any CPU.ActiveCfg = Debug|Any CPU
		{0B9CA572-5A42-4067-BC31-3A7D3195DECB}.Debug|Any CPU.Build.0 = Debug|Any CPU
		{0B9CA572-5A42-4067-BC31-3A7D3195DECB}.Release|Any CPU.ActiveCfg = Release|Any CPU
		{0B9CA572-5A42-4067-BC31-3A7D3195DECB}.Release|Any CPU.Build.0 = Release|Any CPU
	EndGlobalSection
	GlobalSection(SolutionProperties) = preSolution
		HideSolutionNode = FALSE
	EndGlobalSection
	GlobalSection(ExtensibilityGlobals) = postSolution
		SolutionGuid = {7630F959-9C6D-4A54-BD4E-3EC4B196D92B}
	EndGlobalSection
EndGlobal
